
Microsoft Visual Studio Solution File, Format Version 12.00
# Visual Studio 15
VisualStudioVersion = 15.0.28307.421
MinimumVisualStudioVersion = 10.0.40219.1
Project("{9A19103F-16F7-4668-BE54-9A1E7A4F7556}") = "DatingApp.API", "DatingApp.API\DatingApp.API.csproj", "{F4EF6799-2584-433B-BC57-72AD84A4AA1B}"
EndProject
Project("{9A19103F-16F7-4668-BE54-9A1E7A4F7556}") = "DatingApp.Core", "DatingApp.Core\DatingApp.Core.csproj", "{4F213FDE-A80A-4248-872B-5A8B1957FEE0}"
EndProject
Project("{9A19103F-16F7-4668-BE54-9A1E7A4F7556}") = "DatingApp.Domain", "DatingApp.Domain\DatingApp.Domain.csproj", "{A2C0EC88-AD3C-44EE-AFFC-A9869A055288}"
EndProject
Project("{9A19103F-16F7-4668-BE54-9A1E7A4F7556}") = "DatingApp.Data", "DatingApp.Data\DatingApp.Data.csproj", "{BC7F2D92-534C-4305-BE74-1E8BF78F9619}"
EndProject
Global
	GlobalSection(SolutionConfigurationPlatforms) = preSolution
		Debug|Any CPU = Debug|Any CPU
		Release|Any CPU = Release|Any CPU
	EndGlobalSection
	GlobalSection(ProjectConfigurationPlatforms) = postSolution
		{F4EF6799-2584-433B-BC57-72AD84A4AA1B}.Debug|Any CPU.ActiveCfg = Debug|Any CPU
		{F4EF6799-2584-433B-BC57-72AD84A4AA1B}.Debug|Any CPU.Build.0 = Debug|Any CPU
		{F4EF6799-2584-433B-BC57-72AD84A4AA1B}.Release|Any CPU.ActiveCfg = Release|Any CPU
		{F4EF6799-2584-433B-BC57-72AD84A4AA1B}.Release|Any CPU.Build.0 = Release|Any CPU
		{4F213FDE-A80A-4248-872B-5A8B1957FEE0}.Debug|Any CPU.ActiveCfg = Debug|Any CPU
		{4F213FDE-A80A-4248-872B-5A8B1957FEE0}.Debug|Any CPU.Build.0 = Debug|Any CPU
		{4F213FDE-A80A-4248-872B-5A8B1957FEE0}.Release|Any CPU.ActiveCfg = Release|Any CPU
		{4F213FDE-A80A-4248-872B-5A8B1957FEE0}.Release|Any CPU.Build.0 = Release|Any CPU
		{A2C0EC88-AD3C-44EE-AFFC-A9869A055288}.Debug|Any CPU.ActiveCfg = Debug|Any CPU
		{A2C0EC88-AD3C-44EE-AFFC-A9869A055288}.Debug|Any CPU.Build.0 = Debug|Any CPU
		{A2C0EC88-AD3C-44EE-AFFC-A9869A055288}.Release|Any CPU.ActiveCfg = Release|Any CPU
		{A2C0EC88-AD3C-44EE-AFFC-A9869A055288}.Release|Any CPU.Build.0 = Release|Any CPU
		{BC7F2D92-534C-4305-BE74-1E8BF78F9619}.Debug|Any CPU.ActiveCfg = Debug|Any CPU
		{BC7F2D92-534C-4305-BE74-1E8BF78F9619}.Debug|Any CPU.Build.0 = Debug|Any CPU
		{BC7F2D92-534C-4305-BE74-1E8BF78F9619}.Release|Any CPU.ActiveCfg = Release|Any CPU
		{BC7F2D92-534C-4305-BE74-1E8BF78F9619}.Release|Any CPU.Build.0 = Release|Any CPU
	EndGlobalSection
	GlobalSection(SolutionProperties) = preSolution
		HideSolutionNode = FALSE
	EndGlobalSection
	GlobalSection(ExtensibilityGlobals) = postSolution
		SolutionGuid = {35DDDB92-E704-4088-95E6-BA45E3C06A35}
	EndGlobalSection
EndGlobal
